
Microsoft Visual Studio Solution File, Format Version 12.00
# Visual Studio Version 17
VisualStudioVersion = 17.7.34031.279
MinimumVisualStudioVersion = 10.0.40219.1
Project("{FAE04EC0-301F-11D3-BF4B-00C04F79EFBC}") = "IdentityServer", "IdentityServer\IdentityServer.csproj", "{9BF31255-986A-4715-A152-464DC9015F93}"
EndProject
Global
	GlobalSection(SolutionConfigurationPlatforms) = preSolution
		Debug|Any CPU = Debug|Any CPU
		Release|Any CPU = Release|Any CPU
	EndGlobalSection
	GlobalSection(ProjectConfigurationPlatforms) = postSolution
		{9BF31255-986A-4715-A152-464DC9015F93}.Debug|Any CPU.ActiveCfg = Debug|Any CPU
		{9BF31255-986A-4715-A152-464DC9015F93}.Debug|Any CPU.Build.0 = Debug|Any CPU
		{9BF31255-986A-4715-A152-464DC9015F93}.Release|Any CPU.ActiveCfg = Release|Any CPU
		{9BF31255-986A-4715-A152-464DC9015F93}.Release|Any CPU.Build.0 = Release|Any CPU
	EndGlobalSection
	GlobalSection(SolutionProperties) = preSolution
		HideSolutionNode = FALSE
	EndGlobalSection
	GlobalSection(ExtensibilityGlobals) = postSolution
		SolutionGuid = {7E089640-E314-4F2C-9C85-EBA3D4539D5D}
	EndGlobalSection
EndGlobal
